
Microsoft Visual Studio Solution File, Format Version 12.00
# Visual Studio Version 16
VisualStudioVersion = 16.0.29102.190
MinimumVisualStudioVersion = 10.0.40219.1
Project("{FAE04EC0-301F-11D3-BF4B-00C04F79EFBC}") = "ParetoKin", "ParetoKin\ParetoKin.csproj", "{E8861976-EB85-4101-A60F-E8A396315DA1}"
EndProject
Project("{54435603-DBB4-11D2-8724-00A0C9A8B90C}") = "SetupParettoKin", "SetupParettoKin\SetupParettoKin.vdproj", "{09827534-7F2D-43E0-8FA6-325120EE8A26}"
EndProject
Global
	GlobalSection(SolutionConfigurationPlatforms) = preSolution
		Debug|Any CPU = Debug|Any CPU
		Release|Any CPU = Release|Any CPU
	EndGlobalSection
	GlobalSection(ProjectConfigurationPlatforms) = postSolution
		{E8861976-EB85-4101-A60F-E8A396315DA1}.Debug|Any CPU.ActiveCfg = Debug|Any CPU
		{E8861976-EB85-4101-A60F-E8A396315DA1}.Debug|Any CPU.Build.0 = Debug|Any CPU
		{E8861976-EB85-4101-A60F-E8A396315DA1}.Release|Any CPU.ActiveCfg = Release|Any CPU
		{E8861976-EB85-4101-A60F-E8A396315DA1}.Release|Any CPU.Build.0 = Release|Any CPU
		{09827534-7F2D-43E0-8FA6-325120EE8A26}.Debug|Any CPU.ActiveCfg = Debug
		{09827534-7F2D-43E0-8FA6-325120EE8A26}.Release|Any CPU.ActiveCfg = Release
	EndGlobalSection
	GlobalSection(SolutionProperties) = preSolution
		HideSolutionNode = FALSE
	EndGlobalSection
	GlobalSection(ExtensibilityGlobals) = postSolution
		SolutionGuid = {272239DE-FFAC-45A9-87F1-41072AB6B16E}
	EndGlobalSection
EndGlobal
